
Microsoft Visual Studio Solution File, Format Version 12.00
# Visual Studio Version 17
VisualStudioVersion = 17.2.32526.322
MinimumVisualStudioVersion = 10.0.40219.1
Project("{FAE04EC0-301F-11D3-BF4B-00C04F79EFBC}") = "PowerShellDemo", "PowerShellDemo\PowerShellDemo.csproj", "{28201D25-04AA-41F8-870F-21B2D3BA1885}"
EndProject
Global
	GlobalSection(SolutionConfigurationPlatforms) = preSolution
		Debug|Any CPU = Debug|Any CPU
		Release|Any CPU = Release|Any CPU
	EndGlobalSection
	GlobalSection(ProjectConfigurationPlatforms) = postSolution
		{28201D25-04AA-41F8-870F-21B2D3BA1885}.Debug|Any CPU.ActiveCfg = Debug|Any CPU
		{28201D25-04AA-41F8-870F-21B2D3BA1885}.Debug|Any CPU.Build.0 = Debug|Any CPU
		{28201D25-04AA-41F8-870F-21B2D3BA1885}.Release|Any CPU.ActiveCfg = Release|Any CPU
		{28201D25-04AA-41F8-870F-21B2D3BA1885}.Release|Any CPU.Build.0 = Release|Any CPU
	EndGlobalSection
	GlobalSection(SolutionProperties) = preSolution
		HideSolutionNode = FALSE
	EndGlobalSection
	GlobalSection(ExtensibilityGlobals) = postSolution
		SolutionGuid = {A12549AD-C43C-4823-99A9-69B6A37E97EC}
	EndGlobalSection
EndGlobal
